// !$*UTF8*$!
{
	archiveVersion = 1;
	classes = {
	};
	objectVersion = 56;
	objects = {

/* Begin PBXBuildFile section */
		5D19B0592B735CCD0051A837 /* Assembler.swift in Sources */ = {isa = PBXBuildFile; fileRef = 5D19B0582B735CCD0051A837 /* Assembler.swift */; };
		5D19B05B2B735D1D0051A837 /* CoreAssembler.swift in Sources */ = {isa = PBXBuildFile; fileRef = 5D19B05A2B735D1D0051A837 /* CoreAssembler.swift */; };
		5D19B05D2B735D480051A837 /* HomeAssembler.swift in Sources */ = {isa = PBXBuildFile; fileRef = 5D19B05C2B735D480051A837 /* HomeAssembler.swift */; };
		5D19B0612B7366780051A837 /* View.swift in Sources */ = {isa = PBXBuildFile; fileRef = 5D19B0602B7366780051A837 /* View.swift */; };
		5D19B0662B736B1D0051A837 /* MovieHeadlineCard.swift in Sources */ = {isa = PBXBuildFile; fileRef = 5D19B0652B736B1D0051A837 /* MovieHeadlineCard.swift */; };
		5D85A4B82B7346950055A36D /* XisflixApp.swift in Sources */ = {isa = PBXBuildFile; fileRef = 5D85A4B72B7346950055A36D /* XisflixApp.swift */; };
		5D85A4BA2B7346950055A36D /* HomeView.swift in Sources */ = {isa = PBXBuildFile; fileRef = 5D85A4B92B7346950055A36D /* HomeView.swift */; };
		5D85A4BC2B7346960055A36D /* Assets.xcassets in Resources */ = {isa = PBXBuildFile; fileRef = 5D85A4BB2B7346960055A36D /* Assets.xcassets */; };
		5D85A4BF2B7346960055A36D /* Preview Assets.xcassets in Resources */ = {isa = PBXBuildFile; fileRef = 5D85A4BE2B7346960055A36D /* Preview Assets.xcassets */; };
		5D85A4D42B734A180055A36D /* Alamofire in Frameworks */ = {isa = PBXBuildFile; productRef = 5D85A4D32B734A180055A36D /* Alamofire */; };
		5D85A4D72B734A2D0055A36D /* SDWebImageSwiftUI in Frameworks */ = {isa = PBXBuildFile; productRef = 5D85A4D62B734A2D0055A36D /* SDWebImageSwiftUI */; };
		5D85A4DA2B734A4E0055A36D /* ObjectMapper in Frameworks */ = {isa = PBXBuildFile; productRef = 5D85A4D92B734A4E0055A36D /* ObjectMapper */; };
		5D85A4DE2B734BC50055A36D /* NetworkService.swift in Sources */ = {isa = PBXBuildFile; fileRef = 5D85A4DD2B734BC50055A36D /* NetworkService.swift */; };
		5D85A4E02B734BF90055A36D /* APIFactory.swift in Sources */ = {isa = PBXBuildFile; fileRef = 5D85A4DF2B734BF90055A36D /* APIFactory.swift */; };
		5D85A4E22B734C0B0055A36D /* APIError.swift in Sources */ = {isa = PBXBuildFile; fileRef = 5D85A4E12B734C0B0055A36D /* APIError.swift */; };
		5D85A4E42B734C670055A36D /* Encodable.swift in Sources */ = {isa = PBXBuildFile; fileRef = 5D85A4E32B734C670055A36D /* Encodable.swift */; };
		5D85A4E62B734D300055A36D /* Constant.swift in Sources */ = {isa = PBXBuildFile; fileRef = 5D85A4E52B734D300055A36D /* Constant.swift */; };
		5D85A4E82B734D410055A36D /* MovieAPI.swift in Sources */ = {isa = PBXBuildFile; fileRef = 5D85A4E72B734D410055A36D /* MovieAPI.swift */; };
		5D85A4EB2B734E570055A36D /* Movie.swift in Sources */ = {isa = PBXBuildFile; fileRef = 5D85A4EA2B734E570055A36D /* Movie.swift */; };
		5D85A4EF2B734FAF0055A36D /* MovieParameter.swift in Sources */ = {isa = PBXBuildFile; fileRef = 5D85A4EE2B734FAF0055A36D /* MovieParameter.swift */; };
		5D85A4F12B7358F90055A36D /* MovieDataSource.swift in Sources */ = {isa = PBXBuildFile; fileRef = 5D85A4F02B7358F90055A36D /* MovieDataSource.swift */; };
		5D85A4F32B73597E0055A36D /* MovieListUseCase.swift in Sources */ = {isa = PBXBuildFile; fileRef = 5D85A4F22B73597E0055A36D /* MovieListUseCase.swift */; };
		5D85A4F62B7359A00055A36D /* MovieRepository.swift in Sources */ = {isa = PBXBuildFile; fileRef = 5D85A4F52B7359A00055A36D /* MovieRepository.swift */; };
		5D85A4F92B7359C80055A36D /* MovieMapper.swift in Sources */ = {isa = PBXBuildFile; fileRef = 5D85A4F82B7359C80055A36D /* MovieMapper.swift */; };
		5D85A4FC2B7359FD0055A36D /* HomePresenter.swift in Sources */ = {isa = PBXBuildFile; fileRef = 5D85A4FB2B7359FD0055A36D /* HomePresenter.swift */; };
		5D85A5002B735A870055A36D /* MovieResponse.swift in Sources */ = {isa = PBXBuildFile; fileRef = 5D85A4FF2B735A870055A36D /* MovieResponse.swift */; };
		5D85A5032B735B050055A36D /* ViewState.swift in Sources */ = {isa = PBXBuildFile; fileRef = 5D85A5022B735B050055A36D /* ViewState.swift */; };
		5DFCAF172B73B40500890A59 /* MovieCard.swift in Sources */ = {isa = PBXBuildFile; fileRef = 5DFCAF162B73B40500890A59 /* MovieCard.swift */; };
		5DFCAF1C2B73BC2E00890A59 /* DetailPresenter.swift in Sources */ = {isa = PBXBuildFile; fileRef = 5DFCAF1B2B73BC2E00890A59 /* DetailPresenter.swift */; };
		5DFCAF1F2B73BF6800890A59 /* HomeRouter.swift in Sources */ = {isa = PBXBuildFile; fileRef = 5DFCAF1E2B73BF6800890A59 /* HomeRouter.swift */; };
		5DFCAF212B73BFAD00890A59 /* DetailView.swift in Sources */ = {isa = PBXBuildFile; fileRef = 5DFCAF202B73BFAD00890A59 /* DetailView.swift */; };
		5DFCAF232B73E26C00890A59 /* DetailAssembler.swift in Sources */ = {isa = PBXBuildFile; fileRef = 5DFCAF222B73E26C00890A59 /* DetailAssembler.swift */; };
		5DFCAF252B73E2AF00890A59 /* MovieDetailUseCase.swift in Sources */ = {isa = PBXBuildFile; fileRef = 5DFCAF242B73E2AF00890A59 /* MovieDetailUseCase.swift */; };
		5DFCAF272B74703500890A59 /* Video.swift in Sources */ = {isa = PBXBuildFile; fileRef = 5DFCAF262B74703500890A59 /* Video.swift */; };
		5DFCAF292B74705000890A59 /* Cast.swift in Sources */ = {isa = PBXBuildFile; fileRef = 5DFCAF282B74705000890A59 /* Cast.swift */; };
		5DFCAF2C2B74994500890A59 /* YoutubeVideo.swift in Sources */ = {isa = PBXBuildFile; fileRef = 5DFCAF2B2B74994500890A59 /* YoutubeVideo.swift */; };
		5DFCAF302B749B7100890A59 /* SearchView.swift in Sources */ = {isa = PBXBuildFile; fileRef = 5DFCAF2F2B749B7100890A59 /* SearchView.swift */; };
		5DFCAF332B749C2300890A59 /* SearchPresenter.swift in Sources */ = {isa = PBXBuildFile; fileRef = 5DFCAF322B749C2300890A59 /* SearchPresenter.swift */; };
/* End PBXBuildFile section */

/* Begin PBXFileReference section */
		5D19B0582B735CCD0051A837 /* Assembler.swift */ = {isa = PBXFileReference; lastKnownFileType = sourcecode.swift; path = Assembler.swift; sourceTree = "<group>"; };
		5D19B05A2B735D1D0051A837 /* CoreAssembler.swift */ = {isa = PBXFileReference; lastKnownFileType = sourcecode.swift; path = CoreAssembler.swift; sourceTree = "<group>"; };
		5D19B05C2B735D480051A837 /* HomeAssembler.swift */ = {isa = PBXFileReference; lastKnownFileType = sourcecode.swift; path = HomeAssembler.swift; sourceTree = "<group>"; };
		5D19B0602B7366780051A837 /* View.swift */ = {isa = PBXFileReference; lastKnownFileType = sourcecode.swift; path = View.swift; sourceTree = "<group>"; };
		5D19B0652B736B1D0051A837 /* MovieHeadlineCard.swift */ = {isa = PBXFileReference; lastKnownFileType = sourcecode.swift; path = MovieHeadlineCard.swift; sourceTree = "<group>"; };
		5D85A4B42B7346950055A36D /* Xisflix.app */ = {isa = PBXFileReference; explicitFileType = wrapper.application; includeInIndex = 0; path = Xisflix.app; sourceTree = BUILT_PRODUCTS_DIR; };
		5D85A4B72B7346950055A36D /* XisflixApp.swift */ = {isa = PBXFileReference; lastKnownFileType = sourcecode.swift; path = XisflixApp.swift; sourceTree = "<group>"; };
		5D85A4B92B7346950055A36D /* HomeView.swift */ = {isa = PBXFileReference; lastKnownFileType = sourcecode.swift; path = HomeView.swift; sourceTree = "<group>"; };
		5D85A4BB2B7346960055A36D /* Assets.xcassets */ = {isa = PBXFileReference; lastKnownFileType = folder.assetcatalog; path = Assets.xcassets; sourceTree = "<group>"; };
		5D85A4BE2B7346960055A36D /* Preview Assets.xcassets */ = {isa = PBXFileReference; lastKnownFileType = folder.assetcatalog; path = "Preview Assets.xcassets"; sourceTree = "<group>"; };
		5D85A4DD2B734BC50055A36D /* NetworkService.swift */ = {isa = PBXFileReference; lastKnownFileType = sourcecode.swift; path = NetworkService.swift; sourceTree = "<group>"; };
		5D85A4DF2B734BF90055A36D /* APIFactory.swift */ = {isa = PBXFileReference; lastKnownFileType = sourcecode.swift; path = APIFactory.swift; sourceTree = "<group>"; };
		5D85A4E12B734C0B0055A36D /* APIError.swift */ = {isa = PBXFileReference; lastKnownFileType = sourcecode.swift; path = APIError.swift; sourceTree = "<group>"; };
		5D85A4E32B734C670055A36D /* Encodable.swift */ = {isa = PBXFileReference; lastKnownFileType = sourcecode.swift; path = Encodable.swift; sourceTree = "<group>"; };
		5D85A4E52B734D300055A36D /* Constant.swift */ = {isa = PBXFileReference; lastKnownFileType = sourcecode.swift; path = Constant.swift; sourceTree = "<group>"; };
		5D85A4E72B734D410055A36D /* MovieAPI.swift */ = {isa = PBXFileReference; lastKnownFileType = sourcecode.swift; path = MovieAPI.swift; sourceTree = "<group>"; };
		5D85A4EA2B734E570055A36D /* Movie.swift */ = {isa = PBXFileReference; lastKnownFileType = sourcecode.swift; path = Movie.swift; sourceTree = "<group>"; };
		5D85A4EE2B734FAF0055A36D /* MovieParameter.swift */ = {isa = PBXFileReference; lastKnownFileType = sourcecode.swift; path = MovieParameter.swift; sourceTree = "<group>"; };
		5D85A4F02B7358F90055A36D /* MovieDataSource.swift */ = {isa = PBXFileReference; lastKnownFileType = sourcecode.swift; path = MovieDataSource.swift; sourceTree = "<group>"; };
		5D85A4F22B73597E0055A36D /* MovieListUseCase.swift */ = {isa = PBXFileReference; lastKnownFileType = sourcecode.swift; path = MovieListUseCase.swift; sourceTree = "<group>"; };
		5D85A4F52B7359A00055A36D /* MovieRepository.swift */ = {isa = PBXFileReference; lastKnownFileType = sourcecode.swift; path = MovieRepository.swift; sourceTree = "<group>"; };
		5D85A4F82B7359C80055A36D /* MovieMapper.swift */ = {isa = PBXFileReference; lastKnownFileType = sourcecode.swift; path = MovieMapper.swift; sourceTree = "<group>"; };
		5D85A4FB2B7359FD0055A36D /* HomePresenter.swift */ = {isa = PBXFileReference; lastKnownFileType = sourcecode.swift; path = HomePresenter.swift; sourceTree = "<group>"; };
		5D85A4FF2B735A870055A36D /* MovieResponse.swift */ = {isa = PBXFileReference; lastKnownFileType = sourcecode.swift; path = MovieResponse.swift; sourceTree = "<group>"; };
		5D85A5022B735B050055A36D /* ViewState.swift */ = {isa = PBXFileReference; lastKnownFileType = sourcecode.swift; path = ViewState.swift; sourceTree = "<group>"; };
		5DFCAF162B73B40500890A59 /* MovieCard.swift */ = {isa = PBXFileReference; lastKnownFileType = sourcecode.swift; path = MovieCard.swift; sourceTree = "<group>"; };
		5DFCAF1B2B73BC2E00890A59 /* DetailPresenter.swift */ = {isa = PBXFileReference; lastKnownFileType = sourcecode.swift; path = DetailPresenter.swift; sourceTree = "<group>"; };
		5DFCAF1E2B73BF6800890A59 /* HomeRouter.swift */ = {isa = PBXFileReference; lastKnownFileType = sourcecode.swift; path = HomeRouter.swift; sourceTree = "<group>"; };
		5DFCAF202B73BFAD00890A59 /* DetailView.swift */ = {isa = PBXFileReference; lastKnownFileType = sourcecode.swift; path = DetailView.swift; sourceTree = "<group>"; };
		5DFCAF222B73E26C00890A59 /* DetailAssembler.swift */ = {isa = PBXFileReference; lastKnownFileType = sourcecode.swift; path = DetailAssembler.swift; sourceTree = "<group>"; };
		5DFCAF242B73E2AF00890A59 /* MovieDetailUseCase.swift */ = {isa = PBXFileReference; lastKnownFileType = sourcecode.swift; path = MovieDetailUseCase.swift; sourceTree = "<group>"; };
		5DFCAF262B74703500890A59 /* Video.swift */ = {isa = PBXFileReference; lastKnownFileType = sourcecode.swift; path = Video.swift; sourceTree = "<group>"; };
		5DFCAF282B74705000890A59 /* Cast.swift */ = {isa = PBXFileReference; lastKnownFileType = sourcecode.swift; path = Cast.swift; sourceTree = "<group>"; };
		5DFCAF2B2B74994500890A59 /* YoutubeVideo.swift */ = {isa = PBXFileReference; lastKnownFileType = sourcecode.swift; path = YoutubeVideo.swift; sourceTree = "<group>"; };
		5DFCAF2F2B749B7100890A59 /* SearchView.swift */ = {isa = PBXFileReference; lastKnownFileType = sourcecode.swift; path = SearchView.swift; sourceTree = "<group>"; };
		5DFCAF322B749C2300890A59 /* SearchPresenter.swift */ = {isa = PBXFileReference; lastKnownFileType = sourcecode.swift; path = SearchPresenter.swift; sourceTree = "<group>"; };
/* End PBXFileReference section */

/* Begin PBXFrameworksBuildPhase section */
		5D85A4B12B7346950055A36D /* Frameworks */ = {
			isa = PBXFrameworksBuildPhase;
			buildActionMask = 2147483647;
			files = (
				5D85A4DA2B734A4E0055A36D /* ObjectMapper in Frameworks */,
				5D85A4D72B734A2D0055A36D /* SDWebImageSwiftUI in Frameworks */,
				5D85A4D42B734A180055A36D /* Alamofire in Frameworks */,
			);
			runOnlyForDeploymentPostprocessing = 0;
		};
/* End PBXFrameworksBuildPhase section */

/* Begin PBXGroup section */
		5D19B0572B735C850051A837 /* Depedency */ = {
			isa = PBXGroup;
			children = (
				5D19B0582B735CCD0051A837 /* Assembler.swift */,
				5D19B05A2B735D1D0051A837 /* CoreAssembler.swift */,
				5D19B05C2B735D480051A837 /* HomeAssembler.swift */,
				5DFCAF222B73E26C00890A59 /* DetailAssembler.swift */,
			);
			path = Depedency;
			sourceTree = "<group>";
		};
		5D19B05E2B735F920051A837 /* View */ = {
			isa = PBXGroup;
			children = (
				5D19B0622B736A490051A837 /* Views */,
				5D85A4B92B7346950055A36D /* HomeView.swift */,
			);
			path = View;
			sourceTree = "<group>";
		};
		5D19B05F2B73666E0051A837 /* Extensions */ = {
			isa = PBXGroup;
			children = (
				5D19B0602B7366780051A837 /* View.swift */,
			);
			path = Extensions;
			sourceTree = "<group>";
		};
		5D19B0622B736A490051A837 /* Views */ = {
			isa = PBXGroup;
			children = (
				5D19B0652B736B1D0051A837 /* MovieHeadlineCard.swift */,
				5DFCAF162B73B40500890A59 /* MovieCard.swift */,
			);
			path = Views;
			sourceTree = "<group>";
		};
		5D85A4AB2B7346950055A36D = {
			isa = PBXGroup;
			children = (
				5D85A4B62B7346950055A36D /* Xisflix */,
				5D85A4B52B7346950055A36D /* Products */,
			);
			sourceTree = "<group>";
		};
		5D85A4B52B7346950055A36D /* Products */ = {
			isa = PBXGroup;
			children = (
				5D85A4B42B7346950055A36D /* Xisflix.app */,
			);
			name = Products;
			sourceTree = "<group>";
		};
		5D85A4B62B7346950055A36D /* Xisflix */ = {
			isa = PBXGroup;
			children = (
				5D85A4C52B7348760055A36D /* App */,
				5D85A4C72B7348810055A36D /* Module */,
				5D85A4C62B7348790055A36D /* Core */,
				5D85A4BD2B7346960055A36D /* Preview Content */,
			);
			path = Xisflix;
			sourceTree = "<group>";
		};
		5D85A4BD2B7346960055A36D /* Preview Content */ = {
			isa = PBXGroup;
			children = (
				5D85A4BE2B7346960055A36D /* Preview Assets.xcassets */,
			);
			path = "Preview Content";
			sourceTree = "<group>";
		};
		5D85A4C52B7348760055A36D /* App */ = {
			isa = PBXGroup;
			children = (
				5D85A4C92B7348930055A36D /* Main */,
				5D19B0572B735C850051A837 /* Depedency */,
				5D85A4C82B73488B0055A36D /* Resource */,
				5D85A5012B735AF20055A36D /* Utils */,
			);
			path = App;
			sourceTree = "<group>";
		};
		5D85A4C62B7348790055A36D /* Core */ = {
			isa = PBXGroup;
			children = (
				5D85A4CC2B7348B60055A36D /* Domain */,
				5D85A4CB2B7348AF0055A36D /* Data */,
				5D85A4CD2B7348C10055A36D /* Utils */,
			);
			path = Core;
			sourceTree = "<group>";
		};
		5D85A4C72B7348810055A36D /* Module */ = {
			isa = PBXGroup;
			children = (
				5DFCAF2D2B749B5C00890A59 /* Search */,
				5DFCAF182B73BB6900890A59 /* Detail */,
				5D85A4CA2B7348A90055A36D /* Home */,
			);
			path = Module;
			sourceTree = "<group>";
		};
		5D85A4C82B73488B0055A36D /* Resource */ = {
			isa = PBXGroup;
			children = (
				5D85A4BB2B7346960055A36D /* Assets.xcassets */,
			);
			path = Resource;
			sourceTree = "<group>";
		};
		5D85A4C92B7348930055A36D /* Main */ = {
			isa = PBXGroup;
			children = (
				5D85A4B72B7346950055A36D /* XisflixApp.swift */,
			);
			path = Main;
			sourceTree = "<group>";
		};
		5D85A4CA2B7348A90055A36D /* Home */ = {
			isa = PBXGroup;
			children = (
				5DFCAF1D2B73BF5E00890A59 /* Router */,
				5D85A4FA2B7359F50055A36D /* Presenter */,
				5D19B05E2B735F920051A837 /* View */,
			);
			path = Home;
			sourceTree = "<group>";
		};
		5D85A4CB2B7348AF0055A36D /* Data */ = {
			isa = PBXGroup;
			children = (
				5D85A4FD2B735A750055A36D /* Entities */,
				5D85A4F72B7359BF0055A36D /* Mapper */,
				5D85A4CE2B7348CC0055A36D /* DataSource */,
				5D85A4F42B7359930055A36D /* Repository */,
				5D85A4D12B7348E10055A36D /* Service */,
				5D85A4D02B7348DA0055A36D /* APIs */,
			);
			path = Data;
			sourceTree = "<group>";
		};
		5D85A4CC2B7348B60055A36D /* Domain */ = {
			isa = PBXGroup;
			children = (
				5D85A4DC2B734B440055A36D /* UseCase */,
				5D85A4DB2B734B3D0055A36D /* Model */,
			);
			path = Domain;
			sourceTree = "<group>";
		};
		5D85A4CD2B7348C10055A36D /* Utils */ = {
			isa = PBXGroup;
			children = (
				5D85A4E32B734C670055A36D /* Encodable.swift */,
				5D85A4E52B734D300055A36D /* Constant.swift */,
			);
			path = Utils;
			sourceTree = "<group>";
		};
		5D85A4CE2B7348CC0055A36D /* DataSource */ = {
			isa = PBXGroup;
			children = (
				5D85A4CF2B7348D40055A36D /* Remote */,
			);
			path = DataSource;
			sourceTree = "<group>";
		};
		5D85A4CF2B7348D40055A36D /* Remote */ = {
			isa = PBXGroup;
			children = (
				5D85A4F02B7358F90055A36D /* MovieDataSource.swift */,
			);
			path = Remote;
			sourceTree = "<group>";
		};
		5D85A4D02B7348DA0055A36D /* APIs */ = {
			isa = PBXGroup;
			children = (
				5D85A4E72B734D410055A36D /* MovieAPI.swift */,
			);
			path = APIs;
			sourceTree = "<group>";
		};
		5D85A4D12B7348E10055A36D /* Service */ = {
			isa = PBXGroup;
			children = (
				5D85A4DD2B734BC50055A36D /* NetworkService.swift */,
				5D85A4DF2B734BF90055A36D /* APIFactory.swift */,
				5D85A4E12B734C0B0055A36D /* APIError.swift */,
			);
			path = Service;
			sourceTree = "<group>";
		};
		5D85A4DB2B734B3D0055A36D /* Model */ = {
			isa = PBXGroup;
			children = (
				5D85A4EC2B734F920055A36D /* Parameters */,
				5D85A4E92B734E4F0055A36D /* Movie */,
			);
			path = Model;
			sourceTree = "<group>";
		};
		5D85A4DC2B734B440055A36D /* UseCase */ = {
			isa = PBXGroup;
			children = (
				5D85A4F22B73597E0055A36D /* MovieListUseCase.swift */,
				5DFCAF242B73E2AF00890A59 /* MovieDetailUseCase.swift */,
			);
			path = UseCase;
			sourceTree = "<group>";
		};
		5D85A4E92B734E4F0055A36D /* Movie */ = {
			isa = PBXGroup;
			children = (
				5D85A4EA2B734E570055A36D /* Movie.swift */,
				5DFCAF262B74703500890A59 /* Video.swift */,
				5DFCAF282B74705000890A59 /* Cast.swift */,
			);
			path = Movie;
			sourceTree = "<group>";
		};
		5D85A4EC2B734F920055A36D /* Parameters */ = {
			isa = PBXGroup;
			children = (
				5D85A4ED2B734FA70055A36D /* Movie */,
			);
			path = Parameters;
			sourceTree = "<group>";
		};
		5D85A4ED2B734FA70055A36D /* Movie */ = {
			isa = PBXGroup;
			children = (
				5D85A4EE2B734FAF0055A36D /* MovieParameter.swift */,
			);
			path = Movie;
			sourceTree = "<group>";
		};
		5D85A4F42B7359930055A36D /* Repository */ = {
			isa = PBXGroup;
			children = (
				5D85A4F52B7359A00055A36D /* MovieRepository.swift */,
			);
			path = Repository;
			sourceTree = "<group>";
		};
		5D85A4F72B7359BF0055A36D /* Mapper */ = {
			isa = PBXGroup;
			children = (
				5D85A4F82B7359C80055A36D /* MovieMapper.swift */,
			);
			path = Mapper;
			sourceTree = "<group>";
		};
		5D85A4FA2B7359F50055A36D /* Presenter */ = {
			isa = PBXGroup;
			children = (
				5D85A4FB2B7359FD0055A36D /* HomePresenter.swift */,
			);
			path = Presenter;
			sourceTree = "<group>";
		};
		5D85A4FD2B735A750055A36D /* Entities */ = {
			isa = PBXGroup;
			children = (
				5D85A4FE2B735A800055A36D /* Remote */,
			);
			path = Entities;
			sourceTree = "<group>";
		};
		5D85A4FE2B735A800055A36D /* Remote */ = {
			isa = PBXGroup;
			children = (
				5D85A4FF2B735A870055A36D /* MovieResponse.swift */,
			);
			path = Remote;
			sourceTree = "<group>";
		};
		5D85A5012B735AF20055A36D /* Utils */ = {
			isa = PBXGroup;
			children = (
				5DFCAF2A2B74993200890A59 /* Modifiers */,
				5D19B05F2B73666E0051A837 /* Extensions */,
				5D85A5022B735B050055A36D /* ViewState.swift */,
			);
			path = Utils;
			sourceTree = "<group>";
		};
		5DFCAF182B73BB6900890A59 /* Detail */ = {
			isa = PBXGroup;
			children = (
				5DFCAF1A2B73BB7200890A59 /* Presenter */,
				5DFCAF192B73BB6E00890A59 /* View */,
			);
			path = Detail;
			sourceTree = "<group>";
		};
		5DFCAF192B73BB6E00890A59 /* View */ = {
			isa = PBXGroup;
			children = (
				5DFCAF202B73BFAD00890A59 /* DetailView.swift */,
			);
			path = View;
			sourceTree = "<group>";
		};
		5DFCAF1A2B73BB7200890A59 /* Presenter */ = {
			isa = PBXGroup;
			children = (
				5DFCAF1B2B73BC2E00890A59 /* DetailPresenter.swift */,
			);
			path = Presenter;
			sourceTree = "<group>";
		};
		5DFCAF1D2B73BF5E00890A59 /* Router */ = {
			isa = PBXGroup;
			children = (
				5DFCAF1E2B73BF6800890A59 /* HomeRouter.swift */,
			);
			path = Router;
			sourceTree = "<group>";
		};
		5DFCAF2A2B74993200890A59 /* Modifiers */ = {
			isa = PBXGroup;
			children = (
				5DFCAF2B2B74994500890A59 /* YoutubeVideo.swift */,
			);
			path = Modifiers;
			sourceTree = "<group>";
		};
		5DFCAF2D2B749B5C00890A59 /* Search */ = {
			isa = PBXGroup;
			children = (
				5DFCAF312B749B7700890A59 /* Presenter */,
				5DFCAF2E2B749B6100890A59 /* View */,
			);
			path = Search;
			sourceTree = "<group>";
		};
		5DFCAF2E2B749B6100890A59 /* View */ = {
			isa = PBXGroup;
			children = (
				5DFCAF2F2B749B7100890A59 /* SearchView.swift */,
			);
			path = View;
			sourceTree = "<group>";
		};
		5DFCAF312B749B7700890A59 /* Presenter */ = {
			isa = PBXGroup;
			children = (
				5DFCAF322B749C2300890A59 /* SearchPresenter.swift */,
			);
			path = Presenter;
			sourceTree = "<group>";
		};
/* End PBXGroup section */

/* Begin PBXNativeTarget section */
		5D85A4B32B7346950055A36D /* Xisflix */ = {
			isa = PBXNativeTarget;
			buildConfigurationList = 5D85A4C22B7346960055A36D /* Build configuration list for PBXNativeTarget "Xisflix" */;
			buildPhases = (
				5D85A4B02B7346950055A36D /* Sources */,
				5D85A4B12B7346950055A36D /* Frameworks */,
				5D85A4B22B7346950055A36D /* Resources */,
			);
			buildRules = (
			);
			dependencies = (
			);
			name = Xisflix;
			packageProductDependencies = (
				5D85A4D32B734A180055A36D /* Alamofire */,
				5D85A4D62B734A2D0055A36D /* SDWebImageSwiftUI */,
				5D85A4D92B734A4E0055A36D /* ObjectMapper */,
			);
			productName = Xisflix;
			productReference = 5D85A4B42B7346950055A36D /* Xisflix.app */;
			productType = "com.apple.product-type.application";
		};
/* End PBXNativeTarget section */

/* Begin PBXProject section */
		5D85A4AC2B7346950055A36D /* Project object */ = {
			isa = PBXProject;
			attributes = {
				BuildIndependentTargetsInParallel = 1;
				LastSwiftUpdateCheck = 1510;
				LastUpgradeCheck = 1510;
				TargetAttributes = {
					5D85A4B32B7346950055A36D = {
						CreatedOnToolsVersion = 15.1;
					};
				};
			};
			buildConfigurationList = 5D85A4AF2B7346950055A36D /* Build configuration list for PBXProject "Xisflix" */;
			compatibilityVersion = "Xcode 14.0";
			developmentRegion = en;
			hasScannedForEncodings = 0;
			knownRegions = (
				en,
				Base,
			);
			mainGroup = 5D85A4AB2B7346950055A36D;
			packageReferences = (
				5D85A4D22B734A180055A36D /* XCRemoteSwiftPackageReference "Alamofire" */,
				5D85A4D52B734A2D0055A36D /* XCRemoteSwiftPackageReference "SDWebImageSwiftUI" */,
				5D85A4D82B734A4E0055A36D /* XCRemoteSwiftPackageReference "ObjectMapper" */,
			);
			productRefGroup = 5D85A4B52B7346950055A36D /* Products */;
			projectDirPath = "";
			projectRoot = "";
			targets = (
				5D85A4B32B7346950055A36D /* Xisflix */,
			);
		};
/* End PBXProject section */

/* Begin PBXResourcesBuildPhase section */
		5D85A4B22B7346950055A36D /* Resources */ = {
			isa = PBXResourcesBuildPhase;
			buildActionMask = 2147483647;
			files = (
				5D85A4BF2B7346960055A36D /* Preview Assets.xcassets in Resources */,
				5D85A4BC2B7346960055A36D /* Assets.xcassets in Resources */,
			);
			runOnlyForDeploymentPostprocessing = 0;
		};
/* End PBXResourcesBuildPhase section */

/* Begin PBXSourcesBuildPhase section */
		5D85A4B02B7346950055A36D /* Sources */ = {
			isa = PBXSourcesBuildPhase;
			buildActionMask = 2147483647;
			files = (
				5D85A4E62B734D300055A36D /* Constant.swift in Sources */,
				5D19B05D2B735D480051A837 /* HomeAssembler.swift in Sources */,
				5D85A4BA2B7346950055A36D /* HomeView.swift in Sources */,
				5D85A4F32B73597E0055A36D /* MovieListUseCase.swift in Sources */,
				5DFCAF172B73B40500890A59 /* MovieCard.swift in Sources */,
				5D19B0662B736B1D0051A837 /* MovieHeadlineCard.swift in Sources */,
				5D85A4FC2B7359FD0055A36D /* HomePresenter.swift in Sources */,
				5DFCAF2C2B74994500890A59 /* YoutubeVideo.swift in Sources */,
				5DFCAF212B73BFAD00890A59 /* DetailView.swift in Sources */,
				5D19B0612B7366780051A837 /* View.swift in Sources */,
				5D19B0592B735CCD0051A837 /* Assembler.swift in Sources */,
				5DFCAF332B749C2300890A59 /* SearchPresenter.swift in Sources */,
				5D85A4EB2B734E570055A36D /* Movie.swift in Sources */,
				5D85A4E42B734C670055A36D /* Encodable.swift in Sources */,
				5DFCAF1C2B73BC2E00890A59 /* DetailPresenter.swift in Sources */,
				5D85A4EF2B734FAF0055A36D /* MovieParameter.swift in Sources */,
				5D85A4E82B734D410055A36D /* MovieAPI.swift in Sources */,
				5DFCAF252B73E2AF00890A59 /* MovieDetailUseCase.swift in Sources */,
				5DFCAF1F2B73BF6800890A59 /* HomeRouter.swift in Sources */,
				5D85A4E02B734BF90055A36D /* APIFactory.swift in Sources */,
				5D85A4DE2B734BC50055A36D /* NetworkService.swift in Sources */,
				5D85A4E22B734C0B0055A36D /* APIError.swift in Sources */,
				5DFCAF232B73E26C00890A59 /* DetailAssembler.swift in Sources */,
				5D85A4F12B7358F90055A36D /* MovieDataSource.swift in Sources */,
				5DFCAF292B74705000890A59 /* Cast.swift in Sources */,
				5D85A4F92B7359C80055A36D /* MovieMapper.swift in Sources */,
				5D19B05B2B735D1D0051A837 /* CoreAssembler.swift in Sources */,
				5D85A5002B735A870055A36D /* MovieResponse.swift in Sources */,
				5DFCAF272B74703500890A59 /* Video.swift in Sources */,
				5DFCAF302B749B7100890A59 /* SearchView.swift in Sources */,
				5D85A4F62B7359A00055A36D /* MovieRepository.swift in Sources */,
				5D85A5032B735B050055A36D /* ViewState.swift in Sources */,
				5D85A4B82B7346950055A36D /* XisflixApp.swift in Sources */,
			);
			runOnlyForDeploymentPostprocessing = 0;
		};
/* End PBXSourcesBuildPhase section */

/* Begin XCBuildConfiguration section */
		5D85A4C02B7346960055A36D /* Debug */ = {
			isa = XCBuildConfiguration;
			buildSettings = {
				ALWAYS_SEARCH_USER_PATHS = NO;
				ASSETCATALOG_COMPILER_GENERATE_SWIFT_ASSET_SYMBOL_EXTENSIONS = YES;
				CLANG_ANALYZER_NONNULL = YES;
				CLANG_ANALYZER_NUMBER_OBJECT_CONVERSION = YES_AGGRESSIVE;
				CLANG_CXX_LANGUAGE_STANDARD = "gnu++20";
				CLANG_ENABLE_MODULES = YES;
				CLANG_ENABLE_OBJC_ARC = YES;
				CLANG_ENABLE_OBJC_WEAK = YES;
				CLANG_WARN_BLOCK_CAPTURE_AUTORELEASING = YES;
				CLANG_WARN_BOOL_CONVERSION = YES;
				CLANG_WARN_COMMA = YES;
				CLANG_WARN_CONSTANT_CONVERSION = YES;
				CLANG_WARN_DEPRECATED_OBJC_IMPLEMENTATIONS = YES;
				CLANG_WARN_DIRECT_OBJC_ISA_USAGE = YES_ERROR;
				CLANG_WARN_DOCUMENTATION_COMMENTS = YES;
				CLANG_WARN_EMPTY_BODY = YES;
				CLANG_WARN_ENUM_CONVERSION = YES;
				CLANG_WARN_INFINITE_RECURSION = YES;
				CLANG_WARN_INT_CONVERSION = YES;
				CLANG_WARN_NON_LITERAL_NULL_CONVERSION = YES;
				CLANG_WARN_OBJC_IMPLICIT_RETAIN_SELF = YES;
				CLANG_WARN_OBJC_LITERAL_CONVERSION = YES;
				CLANG_WARN_OBJC_ROOT_CLASS = YES_ERROR;
				CLANG_WARN_QUOTED_INCLUDE_IN_FRAMEWORK_HEADER = YES;
				CLANG_WARN_RANGE_LOOP_ANALYSIS = YES;
				CLANG_WARN_STRICT_PROTOTYPES = YES;
				CLANG_WARN_SUSPICIOUS_MOVE = YES;
				CLANG_WARN_UNGUARDED_AVAILABILITY = YES_AGGRESSIVE;
				CLANG_WARN_UNREACHABLE_CODE = YES;
				CLANG_WARN__DUPLICATE_METHOD_MATCH = YES;
				COPY_PHASE_STRIP = NO;
				DEBUG_INFORMATION_FORMAT = dwarf;
				ENABLE_STRICT_OBJC_MSGSEND = YES;
				ENABLE_TESTABILITY = YES;
				ENABLE_USER_SCRIPT_SANDBOXING = YES;
				GCC_C_LANGUAGE_STANDARD = gnu17;
				GCC_DYNAMIC_NO_PIC = NO;
				GCC_NO_COMMON_BLOCKS = YES;
				GCC_OPTIMIZATION_LEVEL = 0;
				GCC_PREPROCESSOR_DEFINITIONS = (
					"DEBUG=1",
					"$(inherited)",
				);
				GCC_WARN_64_TO_32_BIT_CONVERSION = YES;
				GCC_WARN_ABOUT_RETURN_TYPE = YES_ERROR;
				GCC_WARN_UNDECLARED_SELECTOR = YES;
				GCC_WARN_UNINITIALIZED_AUTOS = YES_AGGRESSIVE;
				GCC_WARN_UNUSED_FUNCTION = YES;
				GCC_WARN_UNUSED_VARIABLE = YES;
				IPHONEOS_DEPLOYMENT_TARGET = 17.2;
				LOCALIZATION_PREFERS_STRING_CATALOGS = YES;
				MTL_ENABLE_DEBUG_INFO = INCLUDE_SOURCE;
				MTL_FAST_MATH = YES;
				ONLY_ACTIVE_ARCH = YES;
				SDKROOT = iphoneos;
				SWIFT_ACTIVE_COMPILATION_CONDITIONS = "DEBUG $(inherited)";
				SWIFT_OPTIMIZATION_LEVEL = "-Onone";
			};
			name = Debug;
		};
		5D85A4C12B7346960055A36D /* Release */ = {
			isa = XCBuildConfiguration;
			buildSettings = {
				ALWAYS_SEARCH_USER_PATHS = NO;
				ASSETCATALOG_COMPILER_GENERATE_SWIFT_ASSET_SYMBOL_EXTENSIONS = YES;
				CLANG_ANALYZER_NONNULL = YES;
				CLANG_ANALYZER_NUMBER_OBJECT_CONVERSION = YES_AGGRESSIVE;
				CLANG_CXX_LANGUAGE_STANDARD = "gnu++20";
				CLANG_ENABLE_MODULES = YES;
				CLANG_ENABLE_OBJC_ARC = YES;
				CLANG_ENABLE_OBJC_WEAK = YES;
				CLANG_WARN_BLOCK_CAPTURE_AUTORELEASING = YES;
				CLANG_WARN_BOOL_CONVERSION = YES;
				CLANG_WARN_COMMA = YES;
				CLANG_WARN_CONSTANT_CONVERSION = YES;
				CLANG_WARN_DEPRECATED_OBJC_IMPLEMENTATIONS = YES;
				CLANG_WARN_DIRECT_OBJC_ISA_USAGE = YES_ERROR;
				CLANG_WARN_DOCUMENTATION_COMMENTS = YES;
				CLANG_WARN_EMPTY_BODY = YES;
				CLANG_WARN_ENUM_CONVERSION = YES;
				CLANG_WARN_INFINITE_RECURSION = YES;
				CLANG_WARN_INT_CONVERSION = YES;
				CLANG_WARN_NON_LITERAL_NULL_CONVERSION = YES;
				CLANG_WARN_OBJC_IMPLICIT_RETAIN_SELF = YES;
				CLANG_WARN_OBJC_LITERAL_CONVERSION = YES;
				CLANG_WARN_OBJC_ROOT_CLASS = YES_ERROR;
				CLANG_WARN_QUOTED_INCLUDE_IN_FRAMEWORK_HEADER = YES;
				CLANG_WARN_RANGE_LOOP_ANALYSIS = YES;
				CLANG_WARN_STRICT_PROTOTYPES = YES;
				CLANG_WARN_SUSPICIOUS_MOVE = YES;
				CLANG_WARN_UNGUARDED_AVAILABILITY = YES_AGGRESSIVE;
				CLANG_WARN_UNREACHABLE_CODE = YES;
				CLANG_WARN__DUPLICATE_METHOD_MATCH = YES;
				COPY_PHASE_STRIP = NO;
				DEBUG_INFORMATION_FORMAT = "dwarf-with-dsym";
				ENABLE_NS_ASSERTIONS = NO;
				ENABLE_STRICT_OBJC_MSGSEND = YES;
				ENABLE_USER_SCRIPT_SANDBOXING = YES;
				GCC_C_LANGUAGE_STANDARD = gnu17;
				GCC_NO_COMMON_BLOCKS = YES;
				GCC_WARN_64_TO_32_BIT_CONVERSION = YES;
				GCC_WARN_ABOUT_RETURN_TYPE = YES_ERROR;
				GCC_WARN_UNDECLARED_SELECTOR = YES;
				GCC_WARN_UNINITIALIZED_AUTOS = YES_AGGRESSIVE;
				GCC_WARN_UNUSED_FUNCTION = YES;
				GCC_WARN_UNUSED_VARIABLE = YES;
				IPHONEOS_DEPLOYMENT_TARGET = 17.2;
				LOCALIZATION_PREFERS_STRING_CATALOGS = YES;
				MTL_ENABLE_DEBUG_INFO = NO;
				MTL_FAST_MATH = YES;
				SDKROOT = iphoneos;
				SWIFT_COMPILATION_MODE = wholemodule;
				VALIDATE_PRODUCT = YES;
			};
			name = Release;
		};
		5D85A4C32B7346960055A36D /* Debug */ = {
			isa = XCBuildConfiguration;
			buildSettings = {
				ASSETCATALOG_COMPILER_APPICON_NAME = AppIcon;
				ASSETCATALOG_COMPILER_GLOBAL_ACCENT_COLOR_NAME = AccentColor;
				CODE_SIGN_STYLE = Automatic;
				CURRENT_PROJECT_VERSION = 1;
				DEVELOPMENT_ASSET_PATHS = "\"Xisflix/Preview Content\"";
				DEVELOPMENT_TEAM = 3HH926728D;
				ENABLE_PREVIEWS = YES;
				GENERATE_INFOPLIST_FILE = YES;
				INFOPLIST_KEY_UIApplicationSceneManifest_Generation = YES;
				INFOPLIST_KEY_UIApplicationSupportsIndirectInputEvents = YES;
				INFOPLIST_KEY_UILaunchScreen_Generation = YES;
				INFOPLIST_KEY_UISupportedInterfaceOrientations_iPad = "UIInterfaceOrientationPortrait UIInterfaceOrientationPortraitUpsideDown UIInterfaceOrientationLandscapeLeft UIInterfaceOrientationLandscapeRight";
				INFOPLIST_KEY_UISupportedInterfaceOrientations_iPhone = "UIInterfaceOrientationPortrait UIInterfaceOrientationLandscapeLeft UIInterfaceOrientationLandscapeRight";
				INFOPLIST_KEY_UIUserInterfaceStyle = Dark;
				IPHONEOS_DEPLOYMENT_TARGET = 15.0;
				LD_RUNPATH_SEARCH_PATHS = (
					"$(inherited)",
					"@executable_path/Frameworks",
				);
				MARKETING_VERSION = 1.0;
				PRODUCT_BUNDLE_IDENTIFIER = mfa.Xisflix;
				PRODUCT_NAME = "$(TARGET_NAME)";
				SWIFT_EMIT_LOC_STRINGS = YES;
				SWIFT_VERSION = 5.0;
				TARGETED_DEVICE_FAMILY = "1,2";
			};
			name = Debug;
		};
		5D85A4C42B7346960055A36D /* Release */ = {
			isa = XCBuildConfiguration;
			buildSettings = {
				ASSETCATALOG_COMPILER_APPICON_NAME = AppIcon;
				ASSETCATALOG_COMPILER_GLOBAL_ACCENT_COLOR_NAME = AccentColor;
				CODE_SIGN_STYLE = Automatic;
				CURRENT_PROJECT_VERSION = 1;
				DEVELOPMENT_ASSET_PATHS = "\"Xisflix/Preview Content\"";
				DEVELOPMENT_TEAM = 3HH926728D;
				ENABLE_PREVIEWS = YES;
				GENERATE_INFOPLIST_FILE = YES;
				INFOPLIST_KEY_UIApplicationSceneManifest_Generation = YES;
				INFOPLIST_KEY_UIApplicationSupportsIndirectInputEvents = YES;
				INFOPLIST_KEY_UILaunchScreen_Generation = YES;
				INFOPLIST_KEY_UISupportedInterfaceOrientations_iPad = "UIInterfaceOrientationPortrait UIInterfaceOrientationPortraitUpsideDown UIInterfaceOrientationLandscapeLeft UIInterfaceOrientationLandscapeRight";
				INFOPLIST_KEY_UISupportedInterfaceOrientations_iPhone = "UIInterfaceOrientationPortrait UIInterfaceOrientationLandscapeLeft UIInterfaceOrientationLandscapeRight";
				INFOPLIST_KEY_UIUserInterfaceStyle = Dark;
				IPHONEOS_DEPLOYMENT_TARGET = 15.0;
				LD_RUNPATH_SEARCH_PATHS = (
					"$(inherited)",
					"@executable_path/Frameworks",
				);
				MARKETING_VERSION = 1.0;
				PRODUCT_BUNDLE_IDENTIFIER = mfa.Xisflix;
				PRODUCT_NAME = "$(TARGET_NAME)";
				SWIFT_EMIT_LOC_STRINGS = YES;
				SWIFT_VERSION = 5.0;
				TARGETED_DEVICE_FAMILY = "1,2";
			};
			name = Release;
		};
/* End XCBuildConfiguration section */

/* Begin XCConfigurationList section */
		5D85A4AF2B7346950055A36D /* Build configuration list for PBXProject "Xisflix" */ = {
			isa = XCConfigurationList;
			buildConfigurations = (
				5D85A4C02B7346960055A36D /* Debug */,
				5D85A4C12B7346960055A36D /* Release */,
			);
			defaultConfigurationIsVisible = 0;
			defaultConfigurationName = Release;
		};
		5D85A4C22B7346960055A36D /* Build configuration list for PBXNativeTarget "Xisflix" */ = {
			isa = XCConfigurationList;
			buildConfigurations = (
				5D85A4C32B7346960055A36D /* Debug */,
				5D85A4C42B7346960055A36D /* Release */,
			);
			defaultConfigurationIsVisible = 0;
			defaultConfigurationName = Release;
		};
/* End XCConfigurationList section */

/* Begin XCRemoteSwiftPackageReference section */
		5D85A4D22B734A180055A36D /* XCRemoteSwiftPackageReference "Alamofire" */ = {
			isa = XCRemoteSwiftPackageReference;
			repositoryURL = "https://github.com/Alamofire/Alamofire.git";
			requirement = {
				kind = upToNextMajorVersion;
				minimumVersion = 5.8.1;
			};
		};
		5D85A4D52B734A2D0055A36D /* XCRemoteSwiftPackageReference "SDWebImageSwiftUI" */ = {
			isa = XCRemoteSwiftPackageReference;
			repositoryURL = "https://github.com/SDWebImage/SDWebImageSwiftUI";
			requirement = {
				kind = upToNextMajorVersion;
				minimumVersion = 2.2.6;
			};
		};
		5D85A4D82B734A4E0055A36D /* XCRemoteSwiftPackageReference "ObjectMapper" */ = {
			isa = XCRemoteSwiftPackageReference;
			repositoryURL = "https://github.com/tristanhimmelman/ObjectMapper.git";
			requirement = {
				kind = upToNextMajorVersion;
				minimumVersion = 4.2.0;
			};
		};
/* End XCRemoteSwiftPackageReference section */

/* Begin XCSwiftPackageProductDependency section */
		5D85A4D32B734A180055A36D /* Alamofire */ = {
			isa = XCSwiftPackageProductDependency;
			package = 5D85A4D22B734A180055A36D /* XCRemoteSwiftPackageReference "Alamofire" */;
			productName = Alamofire;
		};
		5D85A4D62B734A2D0055A36D /* SDWebImageSwiftUI */ = {
			isa = XCSwiftPackageProductDependency;
			package = 5D85A4D52B734A2D0055A36D /* XCRemoteSwiftPackageReference "SDWebImageSwiftUI" */;
			productName = SDWebImageSwiftUI;
		};
		5D85A4D92B734A4E0055A36D /* ObjectMapper */ = {
			isa = XCSwiftPackageProductDependency;
			package = 5D85A4D82B734A4E0055A36D /* XCRemoteSwiftPackageReference "ObjectMapper" */;
			productName = ObjectMapper;
		};
/* End XCSwiftPackageProductDependency section */
	};
	rootObject = 5D85A4AC2B7346950055A36D /* Project object */;
}
